// !$*UTF8*$!
{
	archiveVersion = 1;
	classes = {
	};
	objectVersion = 50;
	objects = {

/* Begin PBXBuildFile section */
		2700B385220F866800DC810E /* AppDelegate.swift in Sources */ = {isa = PBXBuildFile; fileRef = 2700B384220F866800DC810E /* AppDelegate.swift */; };
		2700B38A220F866800DC810E /* Main.storyboard in Resources */ = {isa = PBXBuildFile; fileRef = 2700B388220F866800DC810E /* Main.storyboard */; };
		2700B38C220F866A00DC810E /* Assets.xcassets in Resources */ = {isa = PBXBuildFile; fileRef = 2700B38B220F866A00DC810E /* Assets.xcassets */; };
		2700B38F220F866A00DC810E /* LaunchScreen.storyboard in Resources */ = {isa = PBXBuildFile; fileRef = 2700B38D220F866A00DC810E /* LaunchScreen.storyboard */; };
		275AE0B1221BD7D200721861 /* BaseViewController.swift in Sources */ = {isa = PBXBuildFile; fileRef = 275AE0B0221BD7D200721861 /* BaseViewController.swift */; };
		275AE0B3221BD8F600721861 /* floral-loading-animation.json in Resources */ = {isa = PBXBuildFile; fileRef = 275AE0B2221BD8F600721861 /* floral-loading-animation.json */; };
		275AE0B5221BD9BD00721861 /* dice-animation.json in Resources */ = {isa = PBXBuildFile; fileRef = 275AE0B4221BD9BD00721861 /* dice-animation.json */; };
		275AE0B8221BDC3400721861 /* background-gradient-rotating.json in Resources */ = {isa = PBXBuildFile; fileRef = 275AE0B6221BDC3300721861 /* background-gradient-rotating.json */; };
		275AE0B9221BDC3400721861 /* summer.json in Resources */ = {isa = PBXBuildFile; fileRef = 275AE0B7221BDC3400721861 /* summer.json */; };
		275AE0BB221BDE9600721861 /* taxi-app-loading.json in Resources */ = {isa = PBXBuildFile; fileRef = 275AE0BA221BDE9600721861 /* taxi-app-loading.json */; };
		275AE0BF221BE33000721861 /* youtube-icon-reveal.json in Resources */ = {isa = PBXBuildFile; fileRef = 275AE0BE221BE33000721861 /* youtube-icon-reveal.json */; };
		275AE0C3221BE5A900721861 /* 450-play-fill-loader.json in Resources */ = {isa = PBXBuildFile; fileRef = 275AE0C2221BE5A900721861 /* 450-play-fill-loader.json */; };
		275AE0F2221C219900721861 /* fingerprint-scan.json in Resources */ = {isa = PBXBuildFile; fileRef = 275AE0F1221C219900721861 /* fingerprint-scan.json */; };
		275AE0F4221C220900721861 /* 2596-fingerprint-success.json in Resources */ = {isa = PBXBuildFile; fileRef = 275AE0F3221C220900721861 /* 2596-fingerprint-success.json */; };
		27C6FAF22213F853002E0115 /* ARViewController.swift in Sources */ = {isa = PBXBuildFile; fileRef = 27C6FAF12213F853002E0115 /* ARViewController.swift */; };
		27C6FAF42213F9BF002E0115 /* HomeViewController.swift in Sources */ = {isa = PBXBuildFile; fileRef = 27C6FAF32213F9BF002E0115 /* HomeViewController.swift */; };
		27C6FAF62213FBE4002E0115 /* welcome.json in Resources */ = {isa = PBXBuildFile; fileRef = 27C6FAF52213FBE4002E0115 /* welcome.json */; };
		27C6FAF82213FC9E002E0115 /* fabulous-onboarding-animation.json in Resources */ = {isa = PBXBuildFile; fileRef = 27C6FAF72213FC9E002E0115 /* fabulous-onboarding-animation.json */; };
		27C6FAFA22140055002E0115 /* growing-circle.json in Resources */ = {isa = PBXBuildFile; fileRef = 27C6FAF922140055002E0115 /* growing-circle.json */; };
		C8681172CE1C410DA310ED32 /* Pods_PKAR_Sample.framework in Frameworks */ = {isa = PBXBuildFile; fileRef = 7564AC9DF5C83B18A45F0C78 /* Pods_PKAR_Sample.framework */; };
/* End PBXBuildFile section */

/* Begin PBXFileReference section */
		0AD687012D6669BB766A1D2A /* Pods-PKAR_Sample.release.xcconfig */ = {isa = PBXFileReference; includeInIndex = 1; lastKnownFileType = text.xcconfig; name = "Pods-PKAR_Sample.release.xcconfig"; path = "Pods/Target Support Files/Pods-PKAR_Sample/Pods-PKAR_Sample.release.xcconfig"; sourceTree = "<group>"; };
		2700B381220F866800DC810E /* AR.app */ = {isa = PBXFileReference; explicitFileType = wrapper.application; includeInIndex = 0; path = AR.app; sourceTree = BUILT_PRODUCTS_DIR; };
		2700B384220F866800DC810E /* AppDelegate.swift */ = {isa = PBXFileReference; lastKnownFileType = sourcecode.swift; path = AppDelegate.swift; sourceTree = "<group>"; };
		2700B389220F866800DC810E /* Base */ = {isa = PBXFileReference; lastKnownFileType = file.storyboard; name = Base; path = Base.lproj/Main.storyboard; sourceTree = "<group>"; };
		2700B38B220F866A00DC810E /* Assets.xcassets */ = {isa = PBXFileReference; lastKnownFileType = folder.assetcatalog; path = Assets.xcassets; sourceTree = "<group>"; };
		2700B38E220F866A00DC810E /* Base */ = {isa = PBXFileReference; lastKnownFileType = file.storyboard; name = Base; path = Base.lproj/LaunchScreen.storyboard; sourceTree = "<group>"; };
		2700B390220F866A00DC810E /* Info.plist */ = {isa = PBXFileReference; lastKnownFileType = text.plist.xml; path = Info.plist; sourceTree = "<group>"; };
		275AE0B0221BD7D200721861 /* BaseViewController.swift */ = {isa = PBXFileReference; lastKnownFileType = sourcecode.swift; path = BaseViewController.swift; sourceTree = "<group>"; };
		275AE0B2221BD8F600721861 /* floral-loading-animation.json */ = {isa = PBXFileReference; fileEncoding = 4; lastKnownFileType = text.json; path = "floral-loading-animation.json"; sourceTree = "<group>"; };
		275AE0B4221BD9BD00721861 /* dice-animation.json */ = {isa = PBXFileReference; fileEncoding = 4; lastKnownFileType = text.json; path = "dice-animation.json"; sourceTree = "<group>"; };
		275AE0B6221BDC3300721861 /* background-gradient-rotating.json */ = {isa = PBXFileReference; fileEncoding = 4; lastKnownFileType = text.json; path = "background-gradient-rotating.json"; sourceTree = "<group>"; };
		275AE0B7221BDC3400721861 /* summer.json */ = {isa = PBXFileReference; fileEncoding = 4; lastKnownFileType = text.json; path = summer.json; sourceTree = "<group>"; };
		275AE0BA221BDE9600721861 /* taxi-app-loading.json */ = {isa = PBXFileReference; fileEncoding = 4; lastKnownFileType = text.json; path = "taxi-app-loading.json"; sourceTree = "<group>"; };
		275AE0BE221BE33000721861 /* youtube-icon-reveal.json */ = {isa = PBXFileReference; fileEncoding = 4; lastKnownFileType = text.json; path = "youtube-icon-reveal.json"; sourceTree = "<group>"; };
		275AE0C2221BE5A900721861 /* 450-play-fill-loader.json */ = {isa = PBXFileReference; fileEncoding = 4; lastKnownFileType = text.json; path = "450-play-fill-loader.json"; sourceTree = "<group>"; };
		275AE0F1221C219900721861 /* fingerprint-scan.json */ = {isa = PBXFileReference; fileEncoding = 4; lastKnownFileType = text.json; path = "fingerprint-scan.json"; sourceTree = "<group>"; };
		275AE0F3221C220900721861 /* 2596-fingerprint-success.json */ = {isa = PBXFileReference; fileEncoding = 4; lastKnownFileType = text.json; path = "2596-fingerprint-success.json"; sourceTree = "<group>"; };
		27C6FAF12213F853002E0115 /* ARViewController.swift */ = {isa = PBXFileReference; lastKnownFileType = sourcecode.swift; path = ARViewController.swift; sourceTree = "<group>"; };
		27C6FAF32213F9BF002E0115 /* HomeViewController.swift */ = {isa = PBXFileReference; lastKnownFileType = sourcecode.swift; path = HomeViewController.swift; sourceTree = "<group>"; };
		27C6FAF52213FBE4002E0115 /* welcome.json */ = {isa = PBXFileReference; fileEncoding = 4; lastKnownFileType = text.json; path = welcome.json; sourceTree = "<group>"; };
		27C6FAF72213FC9E002E0115 /* fabulous-onboarding-animation.json */ = {isa = PBXFileReference; fileEncoding = 4; lastKnownFileType = text.json; path = "fabulous-onboarding-animation.json"; sourceTree = "<group>"; };
		27C6FAF922140055002E0115 /* growing-circle.json */ = {isa = PBXFileReference; fileEncoding = 4; lastKnownFileType = text.json; path = "growing-circle.json"; sourceTree = "<group>"; };
		550B5D1F3B66717822283AFE /* Pods-PKAR_Sample.debug.xcconfig */ = {isa = PBXFileReference; includeInIndex = 1; lastKnownFileType = text.xcconfig; name = "Pods-PKAR_Sample.debug.xcconfig"; path = "Pods/Target Support Files/Pods-PKAR_Sample/Pods-PKAR_Sample.debug.xcconfig"; sourceTree = "<group>"; };
		7564AC9DF5C83B18A45F0C78 /* Pods_PKAR_Sample.framework */ = {isa = PBXFileReference; explicitFileType = wrapper.framework; includeInIndex = 0; path = Pods_PKAR_Sample.framework; sourceTree = BUILT_PRODUCTS_DIR; };
/* End PBXFileReference section */

/* Begin PBXFrameworksBuildPhase section */
		2700B37E220F866800DC810E /* Frameworks */ = {
			isa = PBXFrameworksBuildPhase;
			buildActionMask = 2147483647;
			files = (
				C8681172CE1C410DA310ED32 /* Pods_PKAR_Sample.framework in Frameworks */,
			);
			runOnlyForDeploymentPostprocessing = 0;
		};
/* End PBXFrameworksBuildPhase section */

/* Begin PBXGroup section */
		2700B378220F866800DC810E = {
			isa = PBXGroup;
			children = (
				2700B383220F866800DC810E /* PKAR_Sample */,
				2700B382220F866800DC810E /* Products */,
				CA0FAF16C15CEC41711062BB /* Pods */,
				A96D4AC8FCD7FD8FA471BD5B /* Frameworks */,
			);
			sourceTree = "<group>";
		};
		2700B382220F866800DC810E /* Products */ = {
			isa = PBXGroup;
			children = (
				2700B381220F866800DC810E /* AR.app */,
			);
			name = Products;
			sourceTree = "<group>";
		};
		2700B383220F866800DC810E /* PKAR_Sample */ = {
			isa = PBXGroup;
			children = (
				2700B384220F866800DC810E /* AppDelegate.swift */,
				275AE0B0221BD7D200721861 /* BaseViewController.swift */,
				27C6FAF32213F9BF002E0115 /* HomeViewController.swift */,
				27C6FAF12213F853002E0115 /* ARViewController.swift */,
				2700B388220F866800DC810E /* Main.storyboard */,
				2700B38B220F866A00DC810E /* Assets.xcassets */,
				2700B38D220F866A00DC810E /* LaunchScreen.storyboard */,
				2700B390220F866A00DC810E /* Info.plist */,
				275AE0BE221BE33000721861 /* youtube-icon-reveal.json */,
				275AE0BA221BDE9600721861 /* taxi-app-loading.json */,
				275AE0B6221BDC3300721861 /* background-gradient-rotating.json */,
				275AE0B7221BDC3400721861 /* summer.json */,
				275AE0B2221BD8F600721861 /* floral-loading-animation.json */,
				275AE0B4221BD9BD00721861 /* dice-animation.json */,
				275AE0C2221BE5A900721861 /* 450-play-fill-loader.json */,
				27C6FAF52213FBE4002E0115 /* welcome.json */,
				27C6FAF72213FC9E002E0115 /* fabulous-onboarding-animation.json */,
				27C6FAF922140055002E0115 /* growing-circle.json */,
				275AE0F1221C219900721861 /* fingerprint-scan.json */,
				275AE0F3221C220900721861 /* 2596-fingerprint-success.json */,
			);
			path = PKAR_Sample;
			sourceTree = "<group>";
		};
		A96D4AC8FCD7FD8FA471BD5B /* Frameworks */ = {
			isa = PBXGroup;
			children = (
				7564AC9DF5C83B18A45F0C78 /* Pods_PKAR_Sample.framework */,
			);
			name = Frameworks;
			sourceTree = "<group>";
		};
		CA0FAF16C15CEC41711062BB /* Pods */ = {
			isa = PBXGroup;
			children = (
				550B5D1F3B66717822283AFE /* Pods-PKAR_Sample.debug.xcconfig */,
				0AD687012D6669BB766A1D2A /* Pods-PKAR_Sample.release.xcconfig */,
			);
			name = Pods;
			sourceTree = "<group>";
		};
/* End PBXGroup section */

/* Begin PBXNativeTarget section */
		2700B380220F866800DC810E /* AR */ = {
			isa = PBXNativeTarget;
			buildConfigurationList = 2700B393220F866A00DC810E /* Build configuration list for PBXNativeTarget "AR" */;
			buildPhases = (
				9B7CD88CCA058330F679349A /* [CP] Check Pods Manifest.lock */,
				2700B37D220F866800DC810E /* Sources */,
				2700B37E220F866800DC810E /* Frameworks */,
				2700B37F220F866800DC810E /* Resources */,
				9EE6C0FFAC393C9ADA11AEEB /* [CP] Embed Pods Frameworks */,
			);
			buildRules = (
			);
			dependencies = (
			);
			name = AR;
			productName = PKAR_Sample;
			productReference = 2700B381220F866800DC810E /* AR.app */;
			productType = "com.apple.product-type.application";
		};
/* End PBXNativeTarget section */

/* Begin PBXProject section */
		2700B379220F866800DC810E /* Project object */ = {
			isa = PBXProject;
			attributes = {
				LastSwiftUpdateCheck = 1010;
				LastUpgradeCheck = 1010;
				ORGANIZATIONNAME = "Tarento Technologies Pvt Ltd";
				TargetAttributes = {
					2700B380220F866800DC810E = {
						CreatedOnToolsVersion = 10.1;
					};
				};
			};
			buildConfigurationList = 2700B37C220F866800DC810E /* Build configuration list for PBXProject "PKAR_Sample" */;
			compatibilityVersion = "Xcode 9.3";
			developmentRegion = en;
			hasScannedForEncodings = 0;
			knownRegions = (
				en,
				Base,
			);
			mainGroup = 2700B378220F866800DC810E;
			productRefGroup = 2700B382220F866800DC810E /* Products */;
			projectDirPath = "";
			projectRoot = "";
			targets = (
				2700B380220F866800DC810E /* AR */,
			);
		};
/* End PBXProject section */

/* Begin PBXResourcesBuildPhase section */
		2700B37F220F866800DC810E /* Resources */ = {
			isa = PBXResourcesBuildPhase;
			buildActionMask = 2147483647;
			files = (
				275AE0BB221BDE9600721861 /* taxi-app-loading.json in Resources */,
				275AE0F4221C220900721861 /* 2596-fingerprint-success.json in Resources */,
				27C6FAF62213FBE4002E0115 /* welcome.json in Resources */,
				275AE0B8221BDC3400721861 /* background-gradient-rotating.json in Resources */,
				275AE0F2221C219900721861 /* fingerprint-scan.json in Resources */,
				27C6FAF82213FC9E002E0115 /* fabulous-onboarding-animation.json in Resources */,
				275AE0BF221BE33000721861 /* youtube-icon-reveal.json in Resources */,
				275AE0C3221BE5A900721861 /* 450-play-fill-loader.json in Resources */,
				2700B38F220F866A00DC810E /* LaunchScreen.storyboard in Resources */,
				275AE0B9221BDC3400721861 /* summer.json in Resources */,
				275AE0B3221BD8F600721861 /* floral-loading-animation.json in Resources */,
				2700B38C220F866A00DC810E /* Assets.xcassets in Resources */,
				275AE0B5221BD9BD00721861 /* dice-animation.json in Resources */,
				2700B38A220F866800DC810E /* Main.storyboard in Resources */,
				27C6FAFA22140055002E0115 /* growing-circle.json in Resources */,
			);
			runOnlyForDeploymentPostprocessing = 0;
		};
/* End PBXResourcesBuildPhase section */

/* Begin PBXShellScriptBuildPhase section */
		9B7CD88CCA058330F679349A /* [CP] Check Pods Manifest.lock */ = {
			isa = PBXShellScriptBuildPhase;
			buildActionMask = 2147483647;
			files = (
			);
			inputPaths = (
				"${PODS_PODFILE_DIR_PATH}/Podfile.lock",
				"${PODS_ROOT}/Manifest.lock",
			);
			name = "[CP] Check Pods Manifest.lock";
			outputPaths = (
				"$(DERIVED_FILE_DIR)/Pods-PKAR_Sample-checkManifestLockResult.txt",
			);
			runOnlyForDeploymentPostprocessing = 0;
			shellPath = /bin/sh;
			shellScript = "diff \"${PODS_PODFILE_DIR_PATH}/Podfile.lock\" \"${PODS_ROOT}/Manifest.lock\" > /dev/null\nif [ $? != 0 ] ; then\n    # print error to STDERR\n    echo \"error: The sandbox is not in sync with the Podfile.lock. Run 'pod install' or update your CocoaPods installation.\" >&2\n    exit 1\nfi\n# This output is used by Xcode 'outputs' to avoid re-running this script phase.\necho \"SUCCESS\" > \"${SCRIPT_OUTPUT_FILE_0}\"\n";
			showEnvVarsInLog = 0;
		};
		9EE6C0FFAC393C9ADA11AEEB /* [CP] Embed Pods Frameworks */ = {
			isa = PBXShellScriptBuildPhase;
			buildActionMask = 2147483647;
			files = (
			);
			inputPaths = (
				"${SRCROOT}/Pods/Target Support Files/Pods-PKAR_Sample/Pods-PKAR_Sample-frameworks.sh",
				"${BUILT_PRODUCTS_DIR}/lottie-ios/Lottie.framework",
			);
			name = "[CP] Embed Pods Frameworks";
			outputPaths = (
				"${TARGET_BUILD_DIR}/${FRAMEWORKS_FOLDER_PATH}/Lottie.framework",
			);
			runOnlyForDeploymentPostprocessing = 0;
			shellPath = /bin/sh;
			shellScript = "\"${SRCROOT}/Pods/Target Support Files/Pods-PKAR_Sample/Pods-PKAR_Sample-frameworks.sh\"\n";
			showEnvVarsInLog = 0;
		};
/* End PBXShellScriptBuildPhase section */

/* Begin PBXSourcesBuildPhase section */
		2700B37D220F866800DC810E /* Sources */ = {
			isa = PBXSourcesBuildPhase;
			buildActionMask = 2147483647;
			files = (
				27C6FAF22213F853002E0115 /* ARViewController.swift in Sources */,
				275AE0B1221BD7D200721861 /* BaseViewController.swift in Sources */,
				2700B385220F866800DC810E /* AppDelegate.swift in Sources */,
				27C6FAF42213F9BF002E0115 /* HomeViewController.swift in Sources */,
			);
			runOnlyForDeploymentPostprocessing = 0;
		};
/* End PBXSourcesBuildPhase section */

/* Begin PBXVariantGroup section */
		2700B388220F866800DC810E /* Main.storyboard */ = {
			isa = PBXVariantGroup;
			children = (
				2700B389220F866800DC810E /* Base */,
			);
			name = Main.storyboard;
			sourceTree = "<group>";
		};
		2700B38D220F866A00DC810E /* LaunchScreen.storyboard */ = {
			isa = PBXVariantGroup;
			children = (
				2700B38E220F866A00DC810E /* Base */,
			);
			name = LaunchScreen.storyboard;
			sourceTree = "<group>";
		};
/* End PBXVariantGroup section */

/* Begin XCBuildConfiguration section */
		2700B391220F866A00DC810E /* Debug */ = {
			isa = XCBuildConfiguration;
			buildSettings = {
				ALWAYS_SEARCH_USER_PATHS = NO;
				CLANG_ANALYZER_NONNULL = YES;
				CLANG_ANALYZER_NUMBER_OBJECT_CONVERSION = YES_AGGRESSIVE;
				CLANG_CXX_LANGUAGE_STANDARD = "gnu++14";
				CLANG_CXX_LIBRARY = "libc++";
				CLANG_ENABLE_MODULES = YES;
				CLANG_ENABLE_OBJC_ARC = YES;
				CLANG_ENABLE_OBJC_WEAK = YES;
				CLANG_WARN_BLOCK_CAPTURE_AUTORELEASING = YES;
				CLANG_WARN_BOOL_CONVERSION = YES;
				CLANG_WARN_COMMA = YES;
				CLANG_WARN_CONSTANT_CONVERSION = YES;
				CLANG_WARN_DEPRECATED_OBJC_IMPLEMENTATIONS = YES;
				CLANG_WARN_DIRECT_OBJC_ISA_USAGE = YES_ERROR;
				CLANG_WARN_DOCUMENTATION_COMMENTS = YES;
				CLANG_WARN_EMPTY_BODY = YES;
				CLANG_WARN_ENUM_CONVERSION = YES;
				CLANG_WARN_INFINITE_RECURSION = YES;
				CLANG_WARN_INT_CONVERSION = YES;
				CLANG_WARN_NON_LITERAL_NULL_CONVERSION = YES;
				CLANG_WARN_OBJC_IMPLICIT_RETAIN_SELF = YES;
				CLANG_WARN_OBJC_LITERAL_CONVERSION = YES;
				CLANG_WARN_OBJC_ROOT_CLASS = YES_ERROR;
				CLANG_WARN_RANGE_LOOP_ANALYSIS = YES;
				CLANG_WARN_STRICT_PROTOTYPES = YES;
				CLANG_WARN_SUSPICIOUS_MOVE = YES;
				CLANG_WARN_UNGUARDED_AVAILABILITY = YES_AGGRESSIVE;
				CLANG_WARN_UNREACHABLE_CODE = YES;
				CLANG_WARN__DUPLICATE_METHOD_MATCH = YES;
				CODE_SIGN_IDENTITY = "iPhone Developer";
				COPY_PHASE_STRIP = NO;
				DEBUG_INFORMATION_FORMAT = dwarf;
				ENABLE_STRICT_OBJC_MSGSEND = YES;
				ENABLE_TESTABILITY = YES;
				GCC_C_LANGUAGE_STANDARD = gnu11;
				GCC_DYNAMIC_NO_PIC = NO;
				GCC_NO_COMMON_BLOCKS = YES;
				GCC_OPTIMIZATION_LEVEL = 0;
				GCC_PREPROCESSOR_DEFINITIONS = (
					"DEBUG=1",
					"$(inherited)",
				);
				GCC_WARN_64_TO_32_BIT_CONVERSION = YES;
				GCC_WARN_ABOUT_RETURN_TYPE = YES_ERROR;
				GCC_WARN_UNDECLARED_SELECTOR = YES;
				GCC_WARN_UNINITIALIZED_AUTOS = YES_AGGRESSIVE;
				GCC_WARN_UNUSED_FUNCTION = YES;
				GCC_WARN_UNUSED_VARIABLE = YES;
				IPHONEOS_DEPLOYMENT_TARGET = 12.1;
				MTL_ENABLE_DEBUG_INFO = INCLUDE_SOURCE;
				MTL_FAST_MATH = YES;
				ONLY_ACTIVE_ARCH = YES;
				SDKROOT = iphoneos;
				SWIFT_ACTIVE_COMPILATION_CONDITIONS = DEBUG;
				SWIFT_OPTIMIZATION_LEVEL = "-Onone";
			};
			name = Debug;
		};
		2700B392220F866A00DC810E /* Release */ = {
			isa = XCBuildConfiguration;
			buildSettings = {
				ALWAYS_SEARCH_USER_PATHS = NO;
				CLANG_ANALYZER_NONNULL = YES;
				CLANG_ANALYZER_NUMBER_OBJECT_CONVERSION = YES_AGGRESSIVE;
				CLANG_CXX_LANGUAGE_STANDARD = "gnu++14";
				CLANG_CXX_LIBRARY = "libc++";
				CLANG_ENABLE_MODULES = YES;
				CLANG_ENABLE_OBJC_ARC = YES;
				CLANG_ENABLE_OBJC_WEAK = YES;
				CLANG_WARN_BLOCK_CAPTURE_AUTORELEASING = YES;
				CLANG_WARN_BOOL_CONVERSION = YES;
				CLANG_WARN_COMMA = YES;
				CLANG_WARN_CONSTANT_CONVERSION = YES;
				CLANG_WARN_DEPRECATED_OBJC_IMPLEMENTATIONS = YES;
				CLANG_WARN_DIRECT_OBJC_ISA_USAGE = YES_ERROR;
				CLANG_WARN_DOCUMENTATION_COMMENTS = YES;
				CLANG_WARN_EMPTY_BODY = YES;
				CLANG_WARN_ENUM_CONVERSION = YES;
				CLANG_WARN_INFINITE_RECURSION = YES;
				CLANG_WARN_INT_CONVERSION = YES;
				CLANG_WARN_NON_LITERAL_NULL_CONVERSION = YES;
				CLANG_WARN_OBJC_IMPLICIT_RETAIN_SELF = YES;
				CLANG_WARN_OBJC_LITERAL_CONVERSION = YES;
				CLANG_WARN_OBJC_ROOT_CLASS = YES_ERROR;
				CLANG_WARN_RANGE_LOOP_ANALYSIS = YES;
				CLANG_WARN_STRICT_PROTOTYPES = YES;
				CLANG_WARN_SUSPICIOUS_MOVE = YES;
				CLANG_WARN_UNGUARDED_AVAILABILITY = YES_AGGRESSIVE;
				CLANG_WARN_UNREACHABLE_CODE = YES;
				CLANG_WARN__DUPLICATE_METHOD_MATCH = YES;
				CODE_SIGN_IDENTITY = "iPhone Developer";
				COPY_PHASE_STRIP = NO;
				DEBUG_INFORMATION_FORMAT = "dwarf-with-dsym";
				ENABLE_NS_ASSERTIONS = NO;
				ENABLE_STRICT_OBJC_MSGSEND = YES;
				GCC_C_LANGUAGE_STANDARD = gnu11;
				GCC_NO_COMMON_BLOCKS = YES;
				GCC_WARN_64_TO_32_BIT_CONVERSION = YES;
				GCC_WARN_ABOUT_RETURN_TYPE = YES_ERROR;
				GCC_WARN_UNDECLARED_SELECTOR = YES;
				GCC_WARN_UNINITIALIZED_AUTOS = YES_AGGRESSIVE;
				GCC_WARN_UNUSED_FUNCTION = YES;
				GCC_WARN_UNUSED_VARIABLE = YES;
				IPHONEOS_DEPLOYMENT_TARGET = 12.1;
				MTL_ENABLE_DEBUG_INFO = NO;
				MTL_FAST_MATH = YES;
				SDKROOT = iphoneos;
				SWIFT_COMPILATION_MODE = wholemodule;
				SWIFT_OPTIMIZATION_LEVEL = "-O";
				VALIDATE_PRODUCT = YES;
			};
			name = Release;
		};
		2700B394220F866A00DC810E /* Debug */ = {
			isa = XCBuildConfiguration;
			baseConfigurationReference = 550B5D1F3B66717822283AFE /* Pods-PKAR_Sample.debug.xcconfig */;
			buildSettings = {
				ASSETCATALOG_COMPILER_APPICON_NAME = AppIcon;
				CODE_SIGN_IDENTITY = "iPhone Developer";
				CODE_SIGN_STYLE = Automatic;
				DEVELOPMENT_TEAM = Y4W962K523;
				INFOPLIST_FILE = PKAR_Sample/Info.plist;
				LD_RUNPATH_SEARCH_PATHS = (
					"$(inherited)",
					"@executable_path/Frameworks",
				);
				PRODUCT_BUNDLE_IDENTIFIER = com.unitely.newdish123;
				PRODUCT_NAME = "$(TARGET_NAME)";
				PROVISIONING_PROFILE_SPECIFIER = "";
				SWIFT_VERSION = 4.2;
				TARGETED_DEVICE_FAMILY = "1,2";
			};
			name = Debug;
		};
		2700B395220F866A00DC810E /* Release */ = {
			isa = XCBuildConfiguration;
			baseConfigurationReference = 0AD687012D6669BB766A1D2A /* Pods-PKAR_Sample.release.xcconfig */;
			buildSettings = {
				ASSETCATALOG_COMPILER_APPICON_NAME = AppIcon;
				CODE_SIGN_IDENTITY = "iPhone Developer";
				CODE_SIGN_STYLE = Automatic;
				DEVELOPMENT_TEAM = Y4W962K523;
				INFOPLIST_FILE = PKAR_Sample/Info.plist;
				LD_RUNPATH_SEARCH_PATHS = (
					"$(inherited)",
					"@executable_path/Frameworks",
				);
				PRODUCT_BUNDLE_IDENTIFIER = com.unitely.newdish123;
				PRODUCT_NAME = "$(TARGET_NAME)";
				PROVISIONING_PROFILE_SPECIFIER = "";
				SWIFT_VERSION = 4.2;
				TARGETED_DEVICE_FAMILY = "1,2";
			};
			name = Release;
		};
/* End XCBuildConfiguration section */

/* Begin XCConfigurationList section */
		2700B37C220F866800DC810E /* Build configuration list for PBXProject "PKAR_Sample" */ = {
			isa = XCConfigurationList;
			buildConfigurations = (
				2700B391220F866A00DC810E /* Debug */,
				2700B392220F866A00DC810E /* Release */,
			);
			defaultConfigurationIsVisible = 0;
			defaultConfigurationName = Release;
		};
		2700B393220F866A00DC810E /* Build configuration list for PBXNativeTarget "AR" */ = {
			isa = XCConfigurationList;
			buildConfigurations = (
				2700B394220F866A00DC810E /* Debug */,
				2700B395220F866A00DC810E /* Release */,
			);
			defaultConfigurationIsVisible = 0;
			defaultConfigurationName = Release;
		};
/* End XCConfigurationList section */
	};
	rootObject = 2700B379220F866800DC810E /* Project object */;
}
